<?xml version="1.0" encoding="utf-8"?>
<Project ToolsVersion="4.0" xmlns="http://schemas.microsoft.com/developer/msbuild/2003">
  <ItemGroup>
    <Filter Include="源文件">
      <UniqueIdentifier>{4FC737F1-C7A5-4376-A066-2A32D752A2FF}</UniqueIdentifier>
      <Extensions>cpp;c;cc;cxx;def;odl;idl;hpj;bat;asm;asmx</Extensions>
    </Filter>
    <Filter Include="头文件">
      <UniqueIdentifier>{93995380-89BD-4b04-88EB-625FBE52EBFB}</UniqueIdentifier>
      <Extensions>h;hh;hpp;hxx;hm;inl;inc;xsd</Extensions>
    </Filter>
    <Filter Include="资源文件">
      <UniqueIdentifier>{67DA6AB6-F800-4c08-8B7A-83BB121AAD01}</UniqueIdentifier>
      <Extensions>rc;ico;cur;bmp;dlg;rc2;rct;bin;rgs;gif;jpg;jpeg;jpe;resx;tiff;tif;png;wav;mfcribbon-ms</Extensions>
    </Filter>
    <Filter Include="skin">
      <UniqueIdentifier>{644854bc-71a9-4090-847f-bf7feba97ec4}</UniqueIdentifier>
    </Filter>
  </ItemGroup>
  <ItemGroup>
    <ClCompile Include="DuilibDemo.cpp">
      <Filter>源文件</Filter>
    </ClCompile>
  </ItemGroup>
  <ItemGroup>
    <ClInclude Include="StdAfx.h">
      <Filter>头文件</Filter>
    </ClInclude>
    <ClInclude Include="ControlEx.h">
      <Filter>头文件</Filter>
    </ClInclude>
  </ItemGroup>
  <ItemGroup>
    <Image Include="skin\antivirus.png">
      <Filter>skin</Filter>
    </Image>
    <Image Include="skin\button_hover.png">
      <Filter>skin</Filter>
    </Image>
    <Image Include="skin\button_normal.png">
      <Filter>skin</Filter>
    </Image>
    <Image Include="skin\button_pushed.png">
      <Filter>skin</Filter>
    </Image>
    <Image Include="skin\cloud.png">
      <Filter>skin</Filter>
    </Image>
    <Image Include="skin\commmon.png">
      <Filter>skin</Filter>
    </Image>
    <Image Include="skin\examine_background.bmp">
      <Filter>skin</Filter>
    </Image>
    <Image Include="skin\firewall.png">
      <Filter>skin</Filter>
    </Image>
    <Image Include="skin\firewall_ok.png">
      <Filter>skin</Filter>
    </Image>
    <Image Include="skin\horizontal_border.bmp">
      <Filter>skin</Filter>
    </Image>
    <Image Include="skin\icon.ico">
      <Filter>skin</Filter>
    </Image>
    <Image Include="skin\icon.png">
      <Filter>skin</Filter>
    </Image>
    <Image Include="skin\logo.png">
      <Filter>skin</Filter>
    </Image>
    <Image Include="skin\navigationbar.bmp">
      <Filter>skin</Filter>
    </Image>
    <Image Include="skin\networkshield.png">
      <Filter>skin</Filter>
    </Image>
    <Image Include="skin\preventnumber.png">
      <Filter>skin</Filter>
    </Image>
    <Image Include="skin\scanbutton.png">
      <Filter>skin</Filter>
    </Image>
    <Image Include="skin\scrollbar.bmp">
      <Filter>skin</Filter>
    </Image>
    <Image Include="skin\softwaremanager.png">
      <Filter>skin</Filter>
    </Image>
    <Image Include="skin\start.png">
      <Filter>skin</Filter>
    </Image>
    <Image Include="skin\sys_dlg_close.png">
      <Filter>skin</Filter>
    </Image>
    <Image Include="skin\sys_dlg_max.png">
      <Filter>skin</Filter>
    </Image>
    <Image Include="skin\sys_dlg_menu.png">
      <Filter>skin</Filter>
    </Image>
    <Image Include="skin\sys_dlg_min.png">
      <Filter>skin</Filter>
    </Image>
    <Image Include="skin\sys_dlg_restore.png">
      <Filter>skin</Filter>
    </Image>
    <Image Include="skin\tabbar_hover.png">
      <Filter>skin</Filter>
    </Image>
    <Image Include="skin\tabbar_normal.png">
      <Filter>skin</Filter>
    </Image>
    <Image Include="skin\tabbar_pushed.png">
      <Filter>skin</Filter>
    </Image>
    <Image Include="skin\toolbar_hover.png">
      <Filter>skin</Filter>
    </Image>
    <Image Include="skin\toolbar_normal.png">
      <Filter>skin</Filter>
    </Image>
    <Image Include="skin\toolbar_pushed.png">
      <Filter>skin</Filter>
    </Image>
    <Image Include="skin\vertical_border.bmp">
      <Filter>skin</Filter>
    </Image>
  </ItemGroup>
  <ItemGroup>
    <Xml Include="skin\ComputerExamine.xml">
      <Filter>skin</Filter>
    </Xml>
    <Xml Include="skin\skin.xml">
      <Filter>skin</Filter>
    </Xml>
  </ItemGroup>
</Project>